
Microsoft Visual Studio Solution File, Format Version 12.00
# Visual Studio Version 17
VisualStudioVersion = 17.14.36414.22 d17.14
MinimumVisualStudioVersion = 10.0.40219.1
Project("{FAE04EC0-301F-11D3-BF4B-00C04F79EFBC}") = "FNRC_DigitalHub", "FNRC_DigitalHub\FNRC_DigitalHub.csproj", "{30778E65-4732-4F24-AD6F-DA2C7284B0CA}"
EndProject
Project("{2150E333-8FDC-42A3-9474-1A3956D46DE8}") = "DigitalHub.BussinessLayer", "DigitalHub.BussinessLayer", "{02EA681E-C7D8-13C7-8484-4AC65E1B71E8}"
EndProject
Project("{2150E333-8FDC-42A3-9474-1A3956D46DE8}") = "DigitalHub.DomainLayer", "DigitalHub.DomainLayer", "{B1F8D005-0F1D-4A7A-BCB3-880F87827B7C}"
EndProject
Project("{2150E333-8FDC-42A3-9474-1A3956D46DE8}") = "DigitalHub.PresentationLayer", "DigitalHub.PresentationLayer", "{7BE1D7A4-F64F-4AC3-AB71-F869210D2EF0}"
EndProject
Project("{FAE04EC0-301F-11D3-BF4B-00C04F79EFBC}") = "DigitalHub.Services", "DigitalHub.Services\DigitalHub.Services.csproj", "{809716EB-3E75-4060-AE81-39D7B5797652}"
EndProject
Project("{FAE04EC0-301F-11D3-BF4B-00C04F79EFBC}") = "DigitalHub.Logger", "DigitalHub.Logger\DigitalHub.Logger.csproj", "{8D499ED6-06C8-4DEF-F85F-0DCE8D33AD76}"
EndProject
Project("{FAE04EC0-301F-11D3-BF4B-00C04F79EFBC}") = "DigitalHub.Domain", "DigitalHub.Domain\DigitalHub.Domain.csproj", "{7B06588B-88FD-4C2A-8BFB-48305C386023}"
EndProject
Global
	GlobalSection(SolutionConfigurationPlatforms) = preSolution
		Debug|Any CPU = Debug|Any CPU
		Release|Any CPU = Release|Any CPU
	EndGlobalSection
	GlobalSection(ProjectConfigurationPlatforms) = postSolution
		{30778E65-4732-4F24-AD6F-DA2C7284B0CA}.Debug|Any CPU.ActiveCfg = Debug|Any CPU
		{30778E65-4732-4F24-AD6F-DA2C7284B0CA}.Debug|Any CPU.Build.0 = Debug|Any CPU
		{30778E65-4732-4F24-AD6F-DA2C7284B0CA}.Release|Any CPU.ActiveCfg = Release|Any CPU
		{30778E65-4732-4F24-AD6F-DA2C7284B0CA}.Release|Any CPU.Build.0 = Release|Any CPU
		{809716EB-3E75-4060-AE81-39D7B5797652}.Debug|Any CPU.ActiveCfg = Debug|Any CPU
		{809716EB-3E75-4060-AE81-39D7B5797652}.Debug|Any CPU.Build.0 = Debug|Any CPU
		{809716EB-3E75-4060-AE81-39D7B5797652}.Release|Any CPU.ActiveCfg = Release|Any CPU
		{809716EB-3E75-4060-AE81-39D7B5797652}.Release|Any CPU.Build.0 = Release|Any CPU
		{8D499ED6-06C8-4DEF-F85F-0DCE8D33AD76}.Debug|Any CPU.ActiveCfg = Debug|Any CPU
		{8D499ED6-06C8-4DEF-F85F-0DCE8D33AD76}.Debug|Any CPU.Build.0 = Debug|Any CPU
		{8D499ED6-06C8-4DEF-F85F-0DCE8D33AD76}.Release|Any CPU.ActiveCfg = Release|Any CPU
		{8D499ED6-06C8-4DEF-F85F-0DCE8D33AD76}.Release|Any CPU.Build.0 = Release|Any CPU
		{7B06588B-88FD-4C2A-8BFB-48305C386023}.Debug|Any CPU.ActiveCfg = Debug|Any CPU
		{7B06588B-88FD-4C2A-8BFB-48305C386023}.Debug|Any CPU.Build.0 = Debug|Any CPU
		{7B06588B-88FD-4C2A-8BFB-48305C386023}.Release|Any CPU.ActiveCfg = Release|Any CPU
		{7B06588B-88FD-4C2A-8BFB-48305C386023}.Release|Any CPU.Build.0 = Release|Any CPU
	EndGlobalSection
	GlobalSection(SolutionProperties) = preSolution
		HideSolutionNode = FALSE
	EndGlobalSection
	GlobalSection(NestedProjects) = preSolution
		{30778E65-4732-4F24-AD6F-DA2C7284B0CA} = {7BE1D7A4-F64F-4AC3-AB71-F869210D2EF0}
		{809716EB-3E75-4060-AE81-39D7B5797652} = {02EA681E-C7D8-13C7-8484-4AC65E1B71E8}
		{8D499ED6-06C8-4DEF-F85F-0DCE8D33AD76} = {02EA681E-C7D8-13C7-8484-4AC65E1B71E8}
		{7B06588B-88FD-4C2A-8BFB-48305C386023} = {B1F8D005-0F1D-4A7A-BCB3-880F87827B7C}
	EndGlobalSection
	GlobalSection(ExtensibilityGlobals) = postSolution
		SolutionGuid = {A3048713-1D07-4E11-90CA-F8CBACD9AEEB}
	EndGlobalSection
EndGlobal
